
Microsoft Visual Studio Solution File, Format Version 12.00
# Visual Studio 15
VisualStudioVersion = 15.0.27703.2042
MinimumVisualStudioVersion = 10.0.40219.1
Project("{FAE04EC0-301F-11D3-BF4B-00C04F79EFBC}") = "ProductsAPI", "ProductsAPI\ProductsAPI.csproj", "{D3B09F3B-6640-4184-B5E1-78B4B4289DD4}"
EndProject
Global
	GlobalSection(SolutionConfigurationPlatforms) = preSolution
		Debug|Any CPU = Debug|Any CPU
		Release|Any CPU = Release|Any CPU
	EndGlobalSection
	GlobalSection(ProjectConfigurationPlatforms) = postSolution
		{D3B09F3B-6640-4184-B5E1-78B4B4289DD4}.Debug|Any CPU.ActiveCfg = Debug|Any CPU
		{D3B09F3B-6640-4184-B5E1-78B4B4289DD4}.Debug|Any CPU.Build.0 = Debug|Any CPU
		{D3B09F3B-6640-4184-B5E1-78B4B4289DD4}.Release|Any CPU.ActiveCfg = Release|Any CPU
		{D3B09F3B-6640-4184-B5E1-78B4B4289DD4}.Release|Any CPU.Build.0 = Release|Any CPU
	EndGlobalSection
	GlobalSection(SolutionProperties) = preSolution
		HideSolutionNode = FALSE
	EndGlobalSection
	GlobalSection(ExtensibilityGlobals) = postSolution
		SolutionGuid = {12736C1A-5F13-4323-A66A-57F0DE4E5351}
	EndGlobalSection
EndGlobal
